
Microsoft Visual Studio Solution File, Format Version 12.00
# Visual Studio 2013
VisualStudioVersion = 12.0.20827.3
MinimumVisualStudioVersion = 10.0.40219.1
Project("{FAE04EC0-301F-11D3-BF4B-00C04F79EFBC}") = "Women", "Women\Women.csproj", "{0D163A95-EA0E-49E8-BFF2-BE2A8C5276A0}"
EndProject
Global
	GlobalSection(SolutionConfigurationPlatforms) = preSolution
		Debug|Any CPU = Debug|Any CPU
		Release|Any CPU = Release|Any CPU
	EndGlobalSection
	GlobalSection(ProjectConfigurationPlatforms) = postSolution
		{0D163A95-EA0E-49E8-BFF2-BE2A8C5276A0}.Debug|Any CPU.ActiveCfg = Debug|Any CPU
		{0D163A95-EA0E-49E8-BFF2-BE2A8C5276A0}.Debug|Any CPU.Build.0 = Debug|Any CPU
		{0D163A95-EA0E-49E8-BFF2-BE2A8C5276A0}.Release|Any CPU.ActiveCfg = Release|Any CPU
		{0D163A95-EA0E-49E8-BFF2-BE2A8C5276A0}.Release|Any CPU.Build.0 = Release|Any CPU
	EndGlobalSection
	GlobalSection(SolutionProperties) = preSolution
		HideSolutionNode = FALSE
	EndGlobalSection
EndGlobal
